
Microsoft Visual Studio Solution File, Format Version 12.00
# Visual Studio Version 16
VisualStudioVersion = 16.0.31729.503
MinimumVisualStudioVersion = 10.0.40219.1
Project("{9A19103F-16F7-4668-BE54-9A1E7A4F7556}") = "Shop", "Shop.csproj", "{E61FC99D-8A3B-4A04-ADD1-4AC97AF72460}"
EndProject
Project("{9A19103F-16F7-4668-BE54-9A1E7A4F7556}") = "HtmlRenderSample", "..\HtmlRenderSample\HtmlRenderSample.csproj", "{4A43E8D4-B249-441E-A87A-E6C8A5C6880D}"
EndProject
Project("{FAE04EC0-301F-11D3-BF4B-00C04F79EFBC}") = "ReportNetworkIssue", "..\ReportNetworkIssue\ReportNetworkIssue.csproj", "{6CF969FB-035C-4108-B309-A6D8CCC13E51}"
EndProject
Global
	GlobalSection(SolutionConfigurationPlatforms) = preSolution
		Debug|Any CPU = Debug|Any CPU
		Release|Any CPU = Release|Any CPU
	EndGlobalSection
	GlobalSection(ProjectConfigurationPlatforms) = postSolution
		{E61FC99D-8A3B-4A04-ADD1-4AC97AF72460}.Debug|Any CPU.ActiveCfg = Debug|Any CPU
		{E61FC99D-8A3B-4A04-ADD1-4AC97AF72460}.Debug|Any CPU.Build.0 = Debug|Any CPU
		{E61FC99D-8A3B-4A04-ADD1-4AC97AF72460}.Release|Any CPU.ActiveCfg = Release|Any CPU
		{E61FC99D-8A3B-4A04-ADD1-4AC97AF72460}.Release|Any CPU.Build.0 = Release|Any CPU
		{4A43E8D4-B249-441E-A87A-E6C8A5C6880D}.Debug|Any CPU.ActiveCfg = Debug|Any CPU
		{4A43E8D4-B249-441E-A87A-E6C8A5C6880D}.Debug|Any CPU.Build.0 = Debug|Any CPU
		{4A43E8D4-B249-441E-A87A-E6C8A5C6880D}.Release|Any CPU.ActiveCfg = Release|Any CPU
		{4A43E8D4-B249-441E-A87A-E6C8A5C6880D}.Release|Any CPU.Build.0 = Release|Any CPU
		{6CF969FB-035C-4108-B309-A6D8CCC13E51}.Debug|Any CPU.ActiveCfg = Debug|Any CPU
		{6CF969FB-035C-4108-B309-A6D8CCC13E51}.Debug|Any CPU.Build.0 = Debug|Any CPU
		{6CF969FB-035C-4108-B309-A6D8CCC13E51}.Release|Any CPU.ActiveCfg = Release|Any CPU
		{6CF969FB-035C-4108-B309-A6D8CCC13E51}.Release|Any CPU.Build.0 = Release|Any CPU
	EndGlobalSection
	GlobalSection(SolutionProperties) = preSolution
		HideSolutionNode = FALSE
	EndGlobalSection
	GlobalSection(ExtensibilityGlobals) = postSolution
		SolutionGuid = {4980D4BC-DF56-456D-8902-87C86EAACD52}
	EndGlobalSection
EndGlobal
